// !$*UTF8*$!
{
	archiveVersion = 1;
	classes = {
	};
	objectVersion = 50;
	objects = {

/* Begin PBXBuildFile section */
		3085857C241E6F1A003E6EA2 /* TitleLabel.swift in Sources */ = {isa = PBXBuildFile; fileRef = 3085857B241E6F1A003E6EA2 /* TitleLabel.swift */; };
		3085857E241E7111003E6EA2 /* SearchButton.swift in Sources */ = {isa = PBXBuildFile; fileRef = 3085857D241E7111003E6EA2 /* SearchButton.swift */; };
		30858580241E7989003E6EA2 /* PlacesListViewController.swift in Sources */ = {isa = PBXBuildFile; fileRef = 3085857F241E7989003E6EA2 /* PlacesListViewController.swift */; };
		30858582241E7C92003E6EA2 /* NetworkManager.swift in Sources */ = {isa = PBXBuildFile; fileRef = 30858581241E7C91003E6EA2 /* NetworkManager.swift */; };
		30858584241E8522003E6EA2 /* Place.swift in Sources */ = {isa = PBXBuildFile; fileRef = 30858583241E8522003E6EA2 /* Place.swift */; };
		30858586241E8913003E6EA2 /* ErrorMessage.swift in Sources */ = {isa = PBXBuildFile; fileRef = 30858585241E8913003E6EA2 /* ErrorMessage.swift */; };
		30858588241E94FE003E6EA2 /* PlaceTableViewCell.swift in Sources */ = {isa = PBXBuildFile; fileRef = 30858587241E94FE003E6EA2 /* PlaceTableViewCell.swift */; };
		3085858A241E9A92003E6EA2 /* BodyLabel.swift in Sources */ = {isa = PBXBuildFile; fileRef = 30858589241E9A92003E6EA2 /* BodyLabel.swift */; };
		30A220B8241E662E001C61A4 /* AppDelegate.swift in Sources */ = {isa = PBXBuildFile; fileRef = 30A220B7241E662E001C61A4 /* AppDelegate.swift */; };
		30A220BA241E662E001C61A4 /* SceneDelegate.swift in Sources */ = {isa = PBXBuildFile; fileRef = 30A220B9241E662E001C61A4 /* SceneDelegate.swift */; };
		30A220C1241E662F001C61A4 /* Assets.xcassets in Resources */ = {isa = PBXBuildFile; fileRef = 30A220C0241E662F001C61A4 /* Assets.xcassets */; };
		30A220C4241E662F001C61A4 /* LaunchScreen.storyboard in Resources */ = {isa = PBXBuildFile; fileRef = 30A220C2241E662F001C61A4 /* LaunchScreen.storyboard */; };
		30A220CC241E68F6001C61A4 /* SearchViewController.swift in Sources */ = {isa = PBXBuildFile; fileRef = 30A220CB241E68F6001C61A4 /* SearchViewController.swift */; };
/* End PBXBuildFile section */

/* Begin PBXFileReference section */
		3085857B241E6F1A003E6EA2 /* TitleLabel.swift */ = {isa = PBXFileReference; lastKnownFileType = sourcecode.swift; path = TitleLabel.swift; sourceTree = "<group>"; };
		3085857D241E7111003E6EA2 /* SearchButton.swift */ = {isa = PBXFileReference; lastKnownFileType = sourcecode.swift; path = SearchButton.swift; sourceTree = "<group>"; };
		3085857F241E7989003E6EA2 /* PlacesListViewController.swift */ = {isa = PBXFileReference; lastKnownFileType = sourcecode.swift; path = PlacesListViewController.swift; sourceTree = "<group>"; };
		30858581241E7C91003E6EA2 /* NetworkManager.swift */ = {isa = PBXFileReference; lastKnownFileType = sourcecode.swift; path = NetworkManager.swift; sourceTree = "<group>"; };
		30858583241E8522003E6EA2 /* Place.swift */ = {isa = PBXFileReference; lastKnownFileType = sourcecode.swift; path = Place.swift; sourceTree = "<group>"; };
		30858585241E8913003E6EA2 /* ErrorMessage.swift */ = {isa = PBXFileReference; lastKnownFileType = sourcecode.swift; path = ErrorMessage.swift; sourceTree = "<group>"; };
		30858587241E94FE003E6EA2 /* PlaceTableViewCell.swift */ = {isa = PBXFileReference; lastKnownFileType = sourcecode.swift; path = PlaceTableViewCell.swift; sourceTree = "<group>"; };
		30858589241E9A92003E6EA2 /* BodyLabel.swift */ = {isa = PBXFileReference; lastKnownFileType = sourcecode.swift; path = BodyLabel.swift; sourceTree = "<group>"; };
		30A220B4241E662E001C61A4 /* NearbySearch.app */ = {isa = PBXFileReference; explicitFileType = wrapper.application; includeInIndex = 0; path = NearbySearch.app; sourceTree = BUILT_PRODUCTS_DIR; };
		30A220B7241E662E001C61A4 /* AppDelegate.swift */ = {isa = PBXFileReference; lastKnownFileType = sourcecode.swift; path = AppDelegate.swift; sourceTree = "<group>"; };
		30A220B9241E662E001C61A4 /* SceneDelegate.swift */ = {isa = PBXFileReference; lastKnownFileType = sourcecode.swift; path = SceneDelegate.swift; sourceTree = "<group>"; };
		30A220C0241E662F001C61A4 /* Assets.xcassets */ = {isa = PBXFileReference; lastKnownFileType = folder.assetcatalog; path = Assets.xcassets; sourceTree = "<group>"; };
		30A220C3241E662F001C61A4 /* Base */ = {isa = PBXFileReference; lastKnownFileType = file.storyboard; name = Base; path = Base.lproj/LaunchScreen.storyboard; sourceTree = "<group>"; };
		30A220C5241E662F001C61A4 /* Info.plist */ = {isa = PBXFileReference; lastKnownFileType = text.plist.xml; path = Info.plist; sourceTree = "<group>"; };
		30A220CB241E68F6001C61A4 /* SearchViewController.swift */ = {isa = PBXFileReference; lastKnownFileType = sourcecode.swift; path = SearchViewController.swift; sourceTree = "<group>"; };
/* End PBXFileReference section */

/* Begin PBXFrameworksBuildPhase section */
		30A220B1241E662E001C61A4 /* Frameworks */ = {
			isa = PBXFrameworksBuildPhase;
			buildActionMask = 2147483647;
			files = (
			);
			runOnlyForDeploymentPostprocessing = 0;
		};
/* End PBXFrameworksBuildPhase section */

/* Begin PBXGroup section */
		30A220AB241E662E001C61A4 = {
			isa = PBXGroup;
			children = (
				30A220B6241E662E001C61A4 /* NearbySearch */,
				30A220B5241E662E001C61A4 /* Products */,
			);
			sourceTree = "<group>";
		};
		30A220B5241E662E001C61A4 /* Products */ = {
			isa = PBXGroup;
			children = (
				30A220B4241E662E001C61A4 /* NearbySearch.app */,
			);
			name = Products;
			sourceTree = "<group>";
		};
		30A220B6241E662E001C61A4 /* NearbySearch */ = {
			isa = PBXGroup;
			children = (
				30A220B7241E662E001C61A4 /* AppDelegate.swift */,
				30A220B9241E662E001C61A4 /* SceneDelegate.swift */,
				30A220C0241E662F001C61A4 /* Assets.xcassets */,
				30A220C2241E662F001C61A4 /* LaunchScreen.storyboard */,
				30A220C5241E662F001C61A4 /* Info.plist */,
				30A220CB241E68F6001C61A4 /* SearchViewController.swift */,
				3085857B241E6F1A003E6EA2 /* TitleLabel.swift */,
				3085857D241E7111003E6EA2 /* SearchButton.swift */,
				3085857F241E7989003E6EA2 /* PlacesListViewController.swift */,
				30858581241E7C91003E6EA2 /* NetworkManager.swift */,
				30858583241E8522003E6EA2 /* Place.swift */,
				30858585241E8913003E6EA2 /* ErrorMessage.swift */,
				30858587241E94FE003E6EA2 /* PlaceTableViewCell.swift */,
				30858589241E9A92003E6EA2 /* BodyLabel.swift */,
			);
			path = NearbySearch;
			sourceTree = "<group>";
		};
/* End PBXGroup section */

/* Begin PBXNativeTarget section */
		30A220B3241E662E001C61A4 /* NearbySearch */ = {
			isa = PBXNativeTarget;
			buildConfigurationList = 30A220C8241E662F001C61A4 /* Build configuration list for PBXNativeTarget "NearbySearch" */;
			buildPhases = (
				30A220B0241E662E001C61A4 /* Sources */,
				30A220B1241E662E001C61A4 /* Frameworks */,
				30A220B2241E662E001C61A4 /* Resources */,
			);
			buildRules = (
			);
			dependencies = (
			);
			name = NearbySearch;
			productName = NearbySearch;
			productReference = 30A220B4241E662E001C61A4 /* NearbySearch.app */;
			productType = "com.apple.product-type.application";
		};
/* End PBXNativeTarget section */

/* Begin PBXProject section */
		30A220AC241E662E001C61A4 /* Project object */ = {
			isa = PBXProject;
			attributes = {
				LastSwiftUpdateCheck = 1130;
				LastUpgradeCheck = 1130;
				ORGANIZATIONNAME = michalronin.com;
				TargetAttributes = {
					30A220B3241E662E001C61A4 = {
						CreatedOnToolsVersion = 11.3;
					};
				};
			};
			buildConfigurationList = 30A220AF241E662E001C61A4 /* Build configuration list for PBXProject "NearbySearch" */;
			compatibilityVersion = "Xcode 9.3";
			developmentRegion = en;
			hasScannedForEncodings = 0;
			knownRegions = (
				en,
				Base,
			);
			mainGroup = 30A220AB241E662E001C61A4;
			productRefGroup = 30A220B5241E662E001C61A4 /* Products */;
			projectDirPath = "";
			projectRoot = "";
			targets = (
				30A220B3241E662E001C61A4 /* NearbySearch */,
			);
		};
/* End PBXProject section */

/* Begin PBXResourcesBuildPhase section */
		30A220B2241E662E001C61A4 /* Resources */ = {
			isa = PBXResourcesBuildPhase;
			buildActionMask = 2147483647;
			files = (
				30A220C4241E662F001C61A4 /* LaunchScreen.storyboard in Resources */,
				30A220C1241E662F001C61A4 /* Assets.xcassets in Resources */,
			);
			runOnlyForDeploymentPostprocessing = 0;
		};
/* End PBXResourcesBuildPhase section */

/* Begin PBXSourcesBuildPhase section */
		30A220B0241E662E001C61A4 /* Sources */ = {
			isa = PBXSourcesBuildPhase;
			buildActionMask = 2147483647;
			files = (
				3085857E241E7111003E6EA2 /* SearchButton.swift in Sources */,
				30A220CC241E68F6001C61A4 /* SearchViewController.swift in Sources */,
				3085857C241E6F1A003E6EA2 /* TitleLabel.swift in Sources */,
				30858584241E8522003E6EA2 /* Place.swift in Sources */,
				3085858A241E9A92003E6EA2 /* BodyLabel.swift in Sources */,
				30858586241E8913003E6EA2 /* ErrorMessage.swift in Sources */,
				30858582241E7C92003E6EA2 /* NetworkManager.swift in Sources */,
				30A220B8241E662E001C61A4 /* AppDelegate.swift in Sources */,
				30858580241E7989003E6EA2 /* PlacesListViewController.swift in Sources */,
				30A220BA241E662E001C61A4 /* SceneDelegate.swift in Sources */,
				30858588241E94FE003E6EA2 /* PlaceTableViewCell.swift in Sources */,
			);
			runOnlyForDeploymentPostprocessing = 0;
		};
/* End PBXSourcesBuildPhase section */

/* Begin PBXVariantGroup section */
		30A220C2241E662F001C61A4 /* LaunchScreen.storyboard */ = {
			isa = PBXVariantGroup;
			children = (
				30A220C3241E662F001C61A4 /* Base */,
			);
			name = LaunchScreen.storyboard;
			sourceTree = "<group>";
		};
/* End PBXVariantGroup section */

/* Begin XCBuildConfiguration section */
		30A220C6241E662F001C61A4 /* Debug */ = {
			isa = XCBuildConfiguration;
			buildSettings = {
				ALWAYS_SEARCH_USER_PATHS = NO;
				CLANG_ANALYZER_NONNULL = YES;
				CLANG_ANALYZER_NUMBER_OBJECT_CONVERSION = YES_AGGRESSIVE;
				CLANG_CXX_LANGUAGE_STANDARD = "gnu++14";
				CLANG_CXX_LIBRARY = "libc++";
				CLANG_ENABLE_MODULES = YES;
				CLANG_ENABLE_OBJC_ARC = YES;
				CLANG_ENABLE_OBJC_WEAK = YES;
				CLANG_WARN_BLOCK_CAPTURE_AUTORELEASING = YES;
				CLANG_WARN_BOOL_CONVERSION = YES;
				CLANG_WARN_COMMA = YES;
				CLANG_WARN_CONSTANT_CONVERSION = YES;
				CLANG_WARN_DEPRECATED_OBJC_IMPLEMENTATIONS = YES;
				CLANG_WARN_DIRECT_OBJC_ISA_USAGE = YES_ERROR;
				CLANG_WARN_DOCUMENTATION_COMMENTS = YES;
				CLANG_WARN_EMPTY_BODY = YES;
				CLANG_WARN_ENUM_CONVERSION = YES;
				CLANG_WARN_INFINITE_RECURSION = YES;
				CLANG_WARN_INT_CONVERSION = YES;
				CLANG_WARN_NON_LITERAL_NULL_CONVERSION = YES;
				CLANG_WARN_OBJC_IMPLICIT_RETAIN_SELF = YES;
				CLANG_WARN_OBJC_LITERAL_CONVERSION = YES;
				CLANG_WARN_OBJC_ROOT_CLASS = YES_ERROR;
				CLANG_WARN_RANGE_LOOP_ANALYSIS = YES;
				CLANG_WARN_STRICT_PROTOTYPES = YES;
				CLANG_WARN_SUSPICIOUS_MOVE = YES;
				CLANG_WARN_UNGUARDED_AVAILABILITY = YES_AGGRESSIVE;
				CLANG_WARN_UNREACHABLE_CODE = YES;
				CLANG_WARN__DUPLICATE_METHOD_MATCH = YES;
				COPY_PHASE_STRIP = NO;
				DEBUG_INFORMATION_FORMAT = dwarf;
				ENABLE_STRICT_OBJC_MSGSEND = YES;
				ENABLE_TESTABILITY = YES;
				GCC_C_LANGUAGE_STANDARD = gnu11;
				GCC_DYNAMIC_NO_PIC = NO;
				GCC_NO_COMMON_BLOCKS = YES;
				GCC_OPTIMIZATION_LEVEL = 0;
				GCC_PREPROCESSOR_DEFINITIONS = (
					"DEBUG=1",
					"$(inherited)",
				);
				GCC_WARN_64_TO_32_BIT_CONVERSION = YES;
				GCC_WARN_ABOUT_RETURN_TYPE = YES_ERROR;
				GCC_WARN_UNDECLARED_SELECTOR = YES;
				GCC_WARN_UNINITIALIZED_AUTOS = YES_AGGRESSIVE;
				GCC_WARN_UNUSED_FUNCTION = YES;
				GCC_WARN_UNUSED_VARIABLE = YES;
				IPHONEOS_DEPLOYMENT_TARGET = 13.2;
				MTL_ENABLE_DEBUG_INFO = INCLUDE_SOURCE;
				MTL_FAST_MATH = YES;
				ONLY_ACTIVE_ARCH = YES;
				SDKROOT = iphoneos;
				SWIFT_ACTIVE_COMPILATION_CONDITIONS = DEBUG;
				SWIFT_OPTIMIZATION_LEVEL = "-Onone";
			};
			name = Debug;
		};
		30A220C7241E662F001C61A4 /* Release */ = {
			isa = XCBuildConfiguration;
			buildSettings = {
				ALWAYS_SEARCH_USER_PATHS = NO;
				CLANG_ANALYZER_NONNULL = YES;
				CLANG_ANALYZER_NUMBER_OBJECT_CONVERSION = YES_AGGRESSIVE;
				CLANG_CXX_LANGUAGE_STANDARD = "gnu++14";
				CLANG_CXX_LIBRARY = "libc++";
				CLANG_ENABLE_MODULES = YES;
				CLANG_ENABLE_OBJC_ARC = YES;
				CLANG_ENABLE_OBJC_WEAK = YES;
				CLANG_WARN_BLOCK_CAPTURE_AUTORELEASING = YES;
				CLANG_WARN_BOOL_CONVERSION = YES;
				CLANG_WARN_COMMA = YES;
				CLANG_WARN_CONSTANT_CONVERSION = YES;
				CLANG_WARN_DEPRECATED_OBJC_IMPLEMENTATIONS = YES;
				CLANG_WARN_DIRECT_OBJC_ISA_USAGE = YES_ERROR;
				CLANG_WARN_DOCUMENTATION_COMMENTS = YES;
				CLANG_WARN_EMPTY_BODY = YES;
				CLANG_WARN_ENUM_CONVERSION = YES;
				CLANG_WARN_INFINITE_RECURSION = YES;
				CLANG_WARN_INT_CONVERSION = YES;
				CLANG_WARN_NON_LITERAL_NULL_CONVERSION = YES;
				CLANG_WARN_OBJC_IMPLICIT_RETAIN_SELF = YES;
				CLANG_WARN_OBJC_LITERAL_CONVERSION = YES;
				CLANG_WARN_OBJC_ROOT_CLASS = YES_ERROR;
				CLANG_WARN_RANGE_LOOP_ANALYSIS = YES;
				CLANG_WARN_STRICT_PROTOTYPES = YES;
				CLANG_WARN_SUSPICIOUS_MOVE = YES;
				CLANG_WARN_UNGUARDED_AVAILABILITY = YES_AGGRESSIVE;
				CLANG_WARN_UNREACHABLE_CODE = YES;
				CLANG_WARN__DUPLICATE_METHOD_MATCH = YES;
				COPY_PHASE_STRIP = NO;
				DEBUG_INFORMATION_FORMAT = "dwarf-with-dsym";
				ENABLE_NS_ASSERTIONS = NO;
				ENABLE_STRICT_OBJC_MSGSEND = YES;
				GCC_C_LANGUAGE_STANDARD = gnu11;
				GCC_NO_COMMON_BLOCKS = YES;
				GCC_WARN_64_TO_32_BIT_CONVERSION = YES;
				GCC_WARN_ABOUT_RETURN_TYPE = YES_ERROR;
				GCC_WARN_UNDECLARED_SELECTOR = YES;
				GCC_WARN_UNINITIALIZED_AUTOS = YES_AGGRESSIVE;
				GCC_WARN_UNUSED_FUNCTION = YES;
				GCC_WARN_UNUSED_VARIABLE = YES;
				IPHONEOS_DEPLOYMENT_TARGET = 13.2;
				MTL_ENABLE_DEBUG_INFO = NO;
				MTL_FAST_MATH = YES;
				SDKROOT = iphoneos;
				SWIFT_COMPILATION_MODE = wholemodule;
				SWIFT_OPTIMIZATION_LEVEL = "-O";
				VALIDATE_PRODUCT = YES;
			};
			name = Release;
		};
		30A220C9241E662F001C61A4 /* Debug */ = {
			isa = XCBuildConfiguration;
			buildSettings = {
				ASSETCATALOG_COMPILER_APPICON_NAME = AppIcon;
				CODE_SIGN_STYLE = Automatic;
				DEVELOPMENT_TEAM = LJC4FJ4SY5;
				INFOPLIST_FILE = NearbySearch/Info.plist;
				IPHONEOS_DEPLOYMENT_TARGET = 11.0;
				LD_RUNPATH_SEARCH_PATHS = (
					"$(inherited)",
					"@executable_path/Frameworks",
				);
				PRODUCT_BUNDLE_IDENTIFIER = com.michalronin.NearbySearch;
				PRODUCT_NAME = "$(TARGET_NAME)";
				SWIFT_VERSION = 5.0;
				TARGETED_DEVICE_FAMILY = 1;
			};
			name = Debug;
		};
		30A220CA241E662F001C61A4 /* Release */ = {
			isa = XCBuildConfiguration;
			buildSettings = {
				ASSETCATALOG_COMPILER_APPICON_NAME = AppIcon;
				CODE_SIGN_STYLE = Automatic;
				DEVELOPMENT_TEAM = LJC4FJ4SY5;
				INFOPLIST_FILE = NearbySearch/Info.plist;
				IPHONEOS_DEPLOYMENT_TARGET = 11.0;
				LD_RUNPATH_SEARCH_PATHS = (
					"$(inherited)",
					"@executable_path/Frameworks",
				);
				PRODUCT_BUNDLE_IDENTIFIER = com.michalronin.NearbySearch;
				PRODUCT_NAME = "$(TARGET_NAME)";
				SWIFT_VERSION = 5.0;
				TARGETED_DEVICE_FAMILY = 1;
			};
			name = Release;
		};
/* End XCBuildConfiguration section */

/* Begin XCConfigurationList section */
		30A220AF241E662E001C61A4 /* Build configuration list for PBXProject "NearbySearch" */ = {
			isa = XCConfigurationList;
			buildConfigurations = (
				30A220C6241E662F001C61A4 /* Debug */,
				30A220C7241E662F001C61A4 /* Release */,
			);
			defaultConfigurationIsVisible = 0;
			defaultConfigurationName = Release;
		};
		30A220C8241E662F001C61A4 /* Build configuration list for PBXNativeTarget "NearbySearch" */ = {
			isa = XCConfigurationList;
			buildConfigurations = (
				30A220C9241E662F001C61A4 /* Debug */,
				30A220CA241E662F001C61A4 /* Release */,
			);
			defaultConfigurationIsVisible = 0;
			defaultConfigurationName = Release;
		};
/* End XCConfigurationList section */
	};
	rootObject = 30A220AC241E662E001C61A4 /* Project object */;
}
